
Microsoft Visual Studio Solution File, Format Version 12.00
# Visual Studio Version 17
VisualStudioVersion = 17.9.34616.47
MinimumVisualStudioVersion = 10.0.40219.1
Project("{FAE04EC0-301F-11D3-BF4B-00C04F79EFBC}") = "CleanArch.WebApi", "CleanArch.WebApi\CleanArch.WebApi.csproj", "{A248A40B-4009-4087-A994-9525DE4EDD56}"
EndProject
Project("{FAE04EC0-301F-11D3-BF4B-00C04F79EFBC}") = "CleanArch.Business", "CleanArch.Business\CleanArch.Business.csproj", "{0EAD09A9-B83E-4241-B040-98B89A448556}"
EndProject
Project("{FAE04EC0-301F-11D3-BF4B-00C04F79EFBC}") = "CleanArch.Core", "CleanArch.Core\CleanArch.Core.csproj", "{3FB204E7-0DCE-4A94-94AC-790503D4632A}"
EndProject
Project("{FAE04EC0-301F-11D3-BF4B-00C04F79EFBC}") = "CleanArch.DataAccess", "CleanArch.DataAccess\CleanArch.DataAccess.csproj", "{50C78227-7EF0-491B-87F7-F47EF7E3C974}"
EndProject
Project("{FAE04EC0-301F-11D3-BF4B-00C04F79EFBC}") = "CleanArch.Entities", "CleanArch.Entities\CleanArch.Entities.csproj", "{16ECA2A3-7B05-49AD-9912-4443893A0973}"
EndProject
Global
	GlobalSection(SolutionConfigurationPlatforms) = preSolution
		Debug|Any CPU = Debug|Any CPU
		Release|Any CPU = Release|Any CPU
	EndGlobalSection
	GlobalSection(ProjectConfigurationPlatforms) = postSolution
		{A248A40B-4009-4087-A994-9525DE4EDD56}.Debug|Any CPU.ActiveCfg = Debug|Any CPU
		{A248A40B-4009-4087-A994-9525DE4EDD56}.Debug|Any CPU.Build.0 = Debug|Any CPU
		{A248A40B-4009-4087-A994-9525DE4EDD56}.Release|Any CPU.ActiveCfg = Release|Any CPU
		{A248A40B-4009-4087-A994-9525DE4EDD56}.Release|Any CPU.Build.0 = Release|Any CPU
		{0EAD09A9-B83E-4241-B040-98B89A448556}.Debug|Any CPU.ActiveCfg = Debug|Any CPU
		{0EAD09A9-B83E-4241-B040-98B89A448556}.Debug|Any CPU.Build.0 = Debug|Any CPU
		{0EAD09A9-B83E-4241-B040-98B89A448556}.Release|Any CPU.ActiveCfg = Release|Any CPU
		{0EAD09A9-B83E-4241-B040-98B89A448556}.Release|Any CPU.Build.0 = Release|Any CPU
		{3FB204E7-0DCE-4A94-94AC-790503D4632A}.Debug|Any CPU.ActiveCfg = Debug|Any CPU
		{3FB204E7-0DCE-4A94-94AC-790503D4632A}.Debug|Any CPU.Build.0 = Debug|Any CPU
		{3FB204E7-0DCE-4A94-94AC-790503D4632A}.Release|Any CPU.ActiveCfg = Release|Any CPU
		{3FB204E7-0DCE-4A94-94AC-790503D4632A}.Release|Any CPU.Build.0 = Release|Any CPU
		{50C78227-7EF0-491B-87F7-F47EF7E3C974}.Debug|Any CPU.ActiveCfg = Debug|Any CPU
		{50C78227-7EF0-491B-87F7-F47EF7E3C974}.Debug|Any CPU.Build.0 = Debug|Any CPU
		{50C78227-7EF0-491B-87F7-F47EF7E3C974}.Release|Any CPU.ActiveCfg = Release|Any CPU
		{50C78227-7EF0-491B-87F7-F47EF7E3C974}.Release|Any CPU.Build.0 = Release|Any CPU
		{16ECA2A3-7B05-49AD-9912-4443893A0973}.Debug|Any CPU.ActiveCfg = Debug|Any CPU
		{16ECA2A3-7B05-49AD-9912-4443893A0973}.Debug|Any CPU.Build.0 = Debug|Any CPU
		{16ECA2A3-7B05-49AD-9912-4443893A0973}.Release|Any CPU.ActiveCfg = Release|Any CPU
		{16ECA2A3-7B05-49AD-9912-4443893A0973}.Release|Any CPU.Build.0 = Release|Any CPU
	EndGlobalSection
	GlobalSection(SolutionProperties) = preSolution
		HideSolutionNode = FALSE
	EndGlobalSection
	GlobalSection(ExtensibilityGlobals) = postSolution
		SolutionGuid = {7DED8273-B2CF-448F-ABCD-6EA50788F653}
	EndGlobalSection
EndGlobal
